<?xml version="1.0" encoding="utf-8"?>
<Project ToolsVersion="4.0" xmlns="http://schemas.microsoft.com/developer/msbuild/2003">
  <ItemGroup>
    <Filter Include="Source Files">
      <UniqueIdentifier>{4FC737F1-C7A5-4376-A066-2A32D752A2FF}</UniqueIdentifier>
      <Extensions>cpp;c;cc;cxx;c++;cppm;ixx;def;odl;idl;hpj;bat;asm;asmx</Extensions>
    </Filter>
    <Filter Include="Header Files">
      <UniqueIdentifier>{93995380-89BD-4b04-88EB-625FBE52EBFB}</UniqueIdentifier>
      <Extensions>h;hh;hpp;hxx;h++;hm;inl;inc;ipp;xsd</Extensions>
    </Filter>
    <Filter Include="Resource Files">
      <UniqueIdentifier>{67DA6AB6-F800-4c08-8B7A-83BB121AAD01}</UniqueIdentifier>
      <Extensions>rc;ico;cur;bmp;dlg;rc2;rct;bin;rgs;gif;jpg;jpeg;jpe;resx;tiff;tif;png;wav;mfcribbon-ms</Extensions>
    </Filter>
    <Filter Include="Header Files\Exception">
      <UniqueIdentifier>{bb09c2fc-f4e0-4a5e-ab00-b2d7c86b4516}</UniqueIdentifier>
    </Filter>
    <Filter Include="Header Files\Produse">
      <UniqueIdentifier>{6d19b948-d966-4848-81bf-b14e378359ff}</UniqueIdentifier>
    </Filter>
  </ItemGroup>
  <ItemGroup>
    <ClCompile Include="Source.cpp">
      <Filter>Source Files</Filter>
    </ClCompile>
    <ClCompile Include="CUser.cpp">
      <Filter>Source Files</Filter>
    </ClCompile>
    <ClCompile Include="CComanda.cpp">
      <Filter>Source Files</Filter>
    </ClCompile>
    <ClCompile Include="CProdus.cpp">
      <Filter>Source Files</Filter>
    </ClCompile>
    <ClCompile Include="CCustom.cpp">
      <Filter>Source Files</Filter>
    </ClCompile>
    <ClCompile Include="CMenu.cpp">
      <Filter>Source Files</Filter>
    </ClCompile>
  </ItemGroup>
  <ItemGroup>
    <ClInclude Include="CUser.h">
      <Filter>Header Files</Filter>
    </ClInclude>
    <ClInclude Include="CMenu.h">
      <Filter>Header Files</Filter>
    </ClInclude>
    <ClInclude Include="IException.h">
      <Filter>Header Files\Exception</Filter>
    </ClInclude>
    <ClInclude Include="CException.h">
      <Filter>Header Files\Exception</Filter>
    </ClInclude>
    <ClInclude Include="Error_File.h">
      <Filter>Header Files\Exception</Filter>
    </ClInclude>
    <ClInclude Include="Error_Auth.h">
      <Filter>Header Files\Exception</Filter>
    </ClInclude>
    <ClInclude Include="Error_Product.h">
      <Filter>Header Files\Exception</Filter>
    </ClInclude>
    <ClInclude Include="CMagazin.h">
      <Filter>Header Files\Produse</Filter>
    </ClInclude>
    <ClInclude Include="CComanda.h">
      <Filter>Header Files\Produse</Filter>
    </ClInclude>
    <ClInclude Include="CCustom.h">
      <Filter>Header Files\Produse</Filter>
    </ClInclude>
    <ClInclude Include="CProdus.h">
      <Filter>Header Files\Produse</Filter>
    </ClInclude>
    <ClInclude Include="resource.h">
      <Filter>Header Files</Filter>
    </ClInclude>
  </ItemGroup>
  <ItemGroup>
    <Text Include="Nume_Magazine.txt">
      <Filter>Resource Files</Filter>
    </Text>
    <Text Include="Users.txt">
      <Filter>Resource Files</Filter>
    </Text>
    <Text Include="Altex.txt">
      <Filter>Resource Files</Filter>
    </Text>
    <Text Include="Flanco.txt">
      <Filter>Resource Files</Filter>
    </Text>
    <Text Include="log.txt">
      <Filter>Resource Files</Filter>
    </Text>
  </ItemGroup>
  <ItemGroup>
    <ResourceCompile Include="MTA_Sell.rc">
      <Filter>Resource Files</Filter>
    </ResourceCompile>
  </ItemGroup>
</Project>